Microsoft Visual Studio Solution File, Format Version 11.00
# Visual Studio 2008

Project("{12AFED07-6516-EC85-CAD8-C8BAA284C42B}") = "Peace_is_Alive", "Assembly-CSharp.csproj", "{29926979-197B-39CA-4470-A5F8C390A9F5}"
EndProject
Project("{12AFED07-6516-EC85-CAD8-C8BAA284C42B}") = "Peace_is_Alive", "Assembly-CSharp-Editor.csproj", "{5296FAED-449B-54C5-0A28-945B04BC7256}"
EndProject
Global
	GlobalSection(SolutionConfigurationPlatforms) = preSolution
		Debug|Any CPU = Debug|Any CPU
		Release|Any CPU = Release|Any CPU
	EndGlobalSection
	GlobalSection(ProjectConfigurationPlatforms) = postSolution
		{29926979-197B-39CA-4470-A5F8C390A9F5}.Debug|Any CPU.ActiveCfg = Debug|Any CPU
		{29926979-197B-39CA-4470-A5F8C390A9F5}.Debug|Any CPU.Build.0 = Debug|Any CPU
		{29926979-197B-39CA-4470-A5F8C390A9F5}.Release|Any CPU.ActiveCfg = Release|Any CPU
		{29926979-197B-39CA-4470-A5F8C390A9F5}.Release|Any CPU.Build.0 = Release|Any CPU
		{5296FAED-449B-54C5-0A28-945B04BC7256}.Debug|Any CPU.ActiveCfg = Debug|Any CPU
		{5296FAED-449B-54C5-0A28-945B04BC7256}.Debug|Any CPU.Build.0 = Debug|Any CPU
		{5296FAED-449B-54C5-0A28-945B04BC7256}.Release|Any CPU.ActiveCfg = Release|Any CPU
		{5296FAED-449B-54C5-0A28-945B04BC7256}.Release|Any CPU.Build.0 = Release|Any CPU
	EndGlobalSection
	GlobalSection(SolutionProperties) = preSolution
		HideSolutionNode = FALSE
	EndGlobalSection
	GlobalSection(MonoDevelopProperties) = preSolution
		StartupItem = Assembly-CSharp.csproj
	EndGlobalSection
EndGlobal
